# THIS FILE IS GENERATED. DO NOT EDIT.

[solution]
[solution.context]
solved = true
[[solution.state]]
crate = "gnat_arm_elf"
fulfilment = "solved"
pinned = false
transitivity = "direct"
versions = "^15"
[solution.state.release]
auto-gpr-with = false
description = "The GNAT Ada compiler - ARM cross-compiler"
licenses = "GPL-3.0-or-later AND GPL-3.0-or-later WITH GCC-exception-3.1"
maintainers = [
"chouteau@adacore.com",
"sagaert@adacore.com",
]
maintainers-logins = [
"Fabien-Chouteau",
"AldanTanneo",
]
name = "gnat_arm_elf"
provides = [
"gnat=15.2.1",
]
version = "15.2.1"
website = "https://github.com/alire-project/GNAT-FSF-builds"
[solution.state.release.configuration]
auto_gpr_with = true
disabled = true
generate_ada = true
generate_c = true
generate_gpr = true
output_dir = "config"
[solution.state.release.environment]
[solution.state.release.environment.PATH]
prepend = "${CRATE_ROOT}/bin"
[solution.state.release.origin]
binary = true
hashes = [
"sha256:a5e9cfb14ffa1ad48af2ed86b47a2e756925b2dd57aed55aba78d34431a45404",
]
url = "https://github.com/alire-project/GNAT-FSF-builds/releases/download/gnat-15.2.0-1/gnat-arm-elf-linux64-x86_64-15.2.0-1.tar.gz"
[[solution.state]]
crate = "gprbuild"
fulfilment = "solved"
pinned = false
transitivity = "direct"
versions = "*"
[solution.state.release]
auto-gpr-with = false
description = "The GPRBuild Ada/multilanguage build tool"
licenses = "GPL-3.0-only WITH GCC-exception-3.1"
long-description = "GPRbuild is a generic build tool designed for the construction of large multi-language systems organized into subsystems and libraries.\nIt is well-suited for compiled languages supporting separate compilation, such as Ada, C, C++ and Fortran.\n"
maintainers = [
"Fabien Chouteau <chouteau@adacore.com>",
"CÃ©sar Sagaert <sagaert@adacore.com>",
]
maintainers-logins = [
"Fabien-Chouteau",
"AldanTanneo",
]
name = "gprbuild"
tags = [
"gpr",
"gprbuild",
"tool",
"tools",
"project",
]
version = "25.0.1"
website = "https://docs.adacore.com/gprbuild-docs/html/gprbuild_ug.html"
[solution.state.release.configuration]
auto_gpr_with = true
disabled = true
generate_ada = true
generate_c = true
generate_gpr = true
output_dir = "config"
[solution.state.release.environment]
[solution.state.release.environment.PATH]
prepend = "${CRATE_ROOT}/bin"
[solution.state.release.origin]
binary = true
hashes = [
"sha256:9a2e6cfb9c4add85c7c411e95533c46728aae7de19a9a0b056abf53bd9795b0d",
]
url = "https://github.com/alire-project/GNAT-FSF-builds/releases/download/gprbuild-25.0.0-1/gprbuild-x86_64-linux-25.0.0-1.tar.gz"

