# THIS FILE IS GENERATED. DO NOT EDIT.

[solution]
[solution.context]
solved = true
[[solution.state]]
crate = "gnat"
fulfilment = "missed"
pinned = false
reason = "skipped"
transitivity = "direct"
versions = "^14.1.0"
[[solution.state]]
crate = "gprbuild"
fulfilment = "missed"
pinned = false
reason = "skipped"
transitivity = "direct"
versions = "*"

